
Microsoft Visual Studio Solution File, Format Version 12.00
# Visual Studio 15
VisualStudioVersion = 15.0.28307.1525
MinimumVisualStudioVersion = 10.0.40219.1
Project("{159641D6-6404-4A2A-AE62-294DE0FE8301}") = "AgentDetailsTransferORCA2LL_AdvisersDetailsTransferLL2Azure", "AgentDetailsTransferORCA2LL\AgentDetailsTransferORCA2LL_AdvisersDetailsTransferLL2Azure.dtproj", "{65336C46-6732-4A50-A6E6-DCCA3F163606}"
EndProject
Global
	GlobalSection(SolutionConfigurationPlatforms) = preSolution
		Development|Default = Development|Default
	EndGlobalSection
	GlobalSection(ProjectConfigurationPlatforms) = postSolution
		{65336C46-6732-4A50-A6E6-DCCA3F163606}.Development|Default.ActiveCfg = Development
		{65336C46-6732-4A50-A6E6-DCCA3F163606}.Development|Default.Build.0 = Development
	EndGlobalSection
	GlobalSection(SolutionProperties) = preSolution
		HideSolutionNode = FALSE
	EndGlobalSection
	GlobalSection(ExtensibilityGlobals) = postSolution
		SolutionGuid = {EFF29C7A-2F04-48F0-B08D-5441D795ABCC}
	EndGlobalSection
EndGlobal
